{
  "object": {
    "pins": [
      {
        "package": "ViewInspector",
        "repositoryURL": "https://github.com/nalexn/ViewInspector.git",
        "state": {
          "branch": null,
          "revision": "e42529aa0b6ff57393ab52540f6006f3a709ee00",
          "version": "0.9.6"
        }
      }
    ]
  },
  "version": 1
}
